# This file is @generated by PDM.
# It is not intended for manual editing.

[[package]]
name = "build"
version = "1.0.3"
requires_python = ">= 3.7"
summary = "A simple, correct Python build frontend"
dependencies = [
    "colorama; os_name == \"nt\"",
    "importlib-metadata>=4.6; python_version < \"3.10\"",
    "packaging>=19.0",
    "pyproject-hooks",
    "tomli>=1.1.0; python_version < \"3.11\"",
]

[[package]]
name = "colorama"
version = "0.4.6"
requires_python = "!=3.0.*,!=3.1.*,!=3.2.*,!=3.3.*,!=3.4.*,!=3.5.*,!=3.6.*,>=2.7"
summary = "Cross-platform colored terminal text."

[[package]]
name = "importlib-metadata"
version = "6.8.0"
requires_python = ">=3.8"
summary = "Read metadata from Python packages"
dependencies = [
    "zipp>=0.5",
]

[[package]]
name = "packaging"
version = "23.2"
requires_python = ">=3.7"
summary = "Core utilities for Python packages"

[[package]]
name = "pyproject-hooks"
version = "1.0.0"
requires_python = ">=3.7"
summary = "Wrappers to call pyproject.toml-based build backend hooks."
dependencies = [
    "tomli>=1.1.0; python_version < \"3.11\"",
]

[[package]]
name = "termcolor"
version = "2.3.0"
requires_python = ">=3.7"
summary = "ANSI color formatting for output in terminal"

[[package]]
name = "tomli"
version = "2.0.1"
requires_python = ">=3.7"
summary = "A lil' TOML parser"

[[package]]
name = "zipp"
version = "3.17.0"
requires_python = ">=3.8"
summary = "Backport of pathlib-compatible object wrapper for zip files"

[metadata]
lock_version = "4.2"
cross_platform = true
groups = ["default"]
content_hash = "sha256:21408b9a004e3219161db2554fc703c2b7b03f5b8a7de378278d1073ed43700b"

[metadata.files]
"build 1.0.3" = [
    {url = "https://files.pythonhosted.org/packages/93/dd/b464b728b866aaa62785a609e0dd8c72201d62c5f7c53e7c20f4dceb085f/build-1.0.3-py3-none-any.whl", hash = "sha256:589bf99a67df7c9cf07ec0ac0e5e2ea5d4b37ac63301c4986d1acb126aa83f8f"},
    {url = "https://files.pythonhosted.org/packages/98/e3/83a89a9d338317f05a68c86a2bbc9af61235bc55a0c6a749d37598fb2af1/build-1.0.3.tar.gz", hash = "sha256:538aab1b64f9828977f84bc63ae570b060a8ed1be419e7870b8b4fc5e6ea553b"},
]
"colorama 0.4.6" = [
    {url = "https://files.pythonhosted.org/packages/d1/d6/3965ed04c63042e047cb6a3e6ed1a63a35087b6a609aa3a15ed8ac56c221/colorama-0.4.6-py2.py3-none-any.whl", hash = "sha256:4f1d9991f5acc0ca119f9d443620b77f9d6b33703e51011c16baf57afb285fc6"},
    {url = "https://files.pythonhosted.org/packages/d8/53/6f443c9a4a8358a93a6792e2acffb9d9d5cb0a5cfd8802644b7b1c9a02e4/colorama-0.4.6.tar.gz", hash = "sha256:08695f5cb7ed6e0531a20572697297273c47b8cae5a63ffc6d6ed5c201be6e44"},
]
"importlib-metadata 6.8.0" = [
    {url = "https://files.pythonhosted.org/packages/33/44/ae06b446b8d8263d712a211e959212083a5eda2bf36d57ca7415e03f6f36/importlib_metadata-6.8.0.tar.gz", hash = "sha256:dbace7892d8c0c4ac1ad096662232f831d4e64f4c4545bd53016a3e9d4654743"},
    {url = "https://files.pythonhosted.org/packages/cc/37/db7ba97e676af155f5fcb1a35466f446eadc9104e25b83366e8088c9c926/importlib_metadata-6.8.0-py3-none-any.whl", hash = "sha256:3ebb78df84a805d7698245025b975d9d67053cd94c79245ba4b3eb694abe68bb"},
]
"packaging 23.2" = [
    {url = "https://files.pythonhosted.org/packages/ec/1a/610693ac4ee14fcdf2d9bf3c493370e4f2ef7ae2e19217d7a237ff42367d/packaging-23.2-py3-none-any.whl", hash = "sha256:8c491190033a9af7e1d931d0b5dacc2ef47509b34dd0de67ed209b5203fc88c7"},
    {url = "https://files.pythonhosted.org/packages/fb/2b/9b9c33ffed44ee921d0967086d653047286054117d584f1b1a7c22ceaf7b/packaging-23.2.tar.gz", hash = "sha256:048fb0e9405036518eaaf48a55953c750c11e1a1b68e0dd1a9d62ed0c092cfc5"},
]
"pyproject-hooks 1.0.0" = [
    {url = "https://files.pythonhosted.org/packages/25/c1/374304b8407d3818f7025457b7366c8e07768377ce12edfe2aa58aa0f64c/pyproject_hooks-1.0.0.tar.gz", hash = "sha256:f271b298b97f5955d53fb12b72c1fb1948c22c1a6b70b315c54cedaca0264ef5"},
    {url = "https://files.pythonhosted.org/packages/d5/ea/9ae603de7fbb3df820b23a70f6aff92bf8c7770043254ad8d2dc9d6bcba4/pyproject_hooks-1.0.0-py3-none-any.whl", hash = "sha256:283c11acd6b928d2f6a7c73fa0d01cb2bdc5f07c57a2eeb6e83d5e56b97976f8"},
]
"termcolor 2.3.0" = [
    {url = "https://files.pythonhosted.org/packages/67/e1/434566ffce04448192369c1a282931cf4ae593e91907558eaecd2e9f2801/termcolor-2.3.0-py3-none-any.whl", hash = "sha256:3afb05607b89aed0ffe25202399ee0867ad4d3cb4180d98aaf8eefa6a5f7d475"},
    {url = "https://files.pythonhosted.org/packages/b8/85/147a0529b4e80b6b9d021ca8db3a820fcac53ec7374b87073d004aaf444c/termcolor-2.3.0.tar.gz", hash = "sha256:b5b08f68937f138fe92f6c089b99f1e2da0ae56c52b78bf7075fd95420fd9a5a"},
]
"tomli 2.0.1" = [
    {url = "https://files.pythonhosted.org/packages/97/75/10a9ebee3fd790d20926a90a2547f0bf78f371b2f13aa822c759680ca7b9/tomli-2.0.1-py3-none-any.whl", hash = "sha256:939de3e7a6161af0c887ef91b7d41a53e7c5a1ca976325f429cb46ea9bc30ecc"},
    {url = "https://files.pythonhosted.org/packages/c0/3f/d7af728f075fb08564c5949a9c95e44352e23dee646869fa104a3b2060a3/tomli-2.0.1.tar.gz", hash = "sha256:de526c12914f0c550d15924c62d72abc48d6fe7364aa87328337a31007fe8a4f"},
]
"zipp 3.17.0" = [
    {url = "https://files.pythonhosted.org/packages/58/03/dd5ccf4e06dec9537ecba8fcc67bbd4ea48a2791773e469e73f94c3ba9a6/zipp-3.17.0.tar.gz", hash = "sha256:84e64a1c28cf7e91ed2078bb8cc8c259cb19b76942096c8d7b84947690cabaf0"},
    {url = "https://files.pythonhosted.org/packages/d9/66/48866fc6b158c81cc2bfecc04c480f105c6040e8b077bc54c634b4a67926/zipp-3.17.0-py3-none-any.whl", hash = "sha256:0e923e726174922dce09c53c59ad483ff7bbb8e572e00c7f7c46b88556409f31"},
]
